
Microsoft Visual Studio Solution File, Format Version 12.00
# Visual Studio 2013
VisualStudioVersion = 12.0.21005.1
MinimumVisualStudioVersion = 10.0.40219.1
Project("{FAE04EC0-301F-11D3-BF4B-00C04F79EFBC}") = "winfrm_GetMouseCoordinates", "winfrm_GetMouseCoordinates\winfrm_GetMouseCoordinates.csproj", "{EB86FB23-0A0B-4517-9BD6-E43F3D622765}"
EndProject
Global
	GlobalSection(SolutionConfigurationPlatforms) = preSolution
		Debug|Any CPU = Debug|Any CPU
		Release|Any CPU = Release|Any CPU
	EndGlobalSection
	GlobalSection(ProjectConfigurationPlatforms) = postSolution
		{EB86FB23-0A0B-4517-9BD6-E43F3D622765}.Debug|Any CPU.ActiveCfg = Debug|Any CPU
		{EB86FB23-0A0B-4517-9BD6-E43F3D622765}.Debug|Any CPU.Build.0 = Debug|Any CPU
		{EB86FB23-0A0B-4517-9BD6-E43F3D622765}.Release|Any CPU.ActiveCfg = Release|Any CPU
		{EB86FB23-0A0B-4517-9BD6-E43F3D622765}.Release|Any CPU.Build.0 = Release|Any CPU
	EndGlobalSection
	GlobalSection(SolutionProperties) = preSolution
		HideSolutionNode = FALSE
	EndGlobalSection
EndGlobal
